
Microsoft Visual Studio Solution File, Format Version 12.00
# Visual Studio Version 17
VisualStudioVersion = 17.3.32811.315
MinimumVisualStudioVersion = 10.0.40219.1
Project("{FAE04EC0-301F-11D3-BF4B-00C04F79EFBC}") = "WordToPdf", "WordToPdf\WordToPdf.csproj", "{51704DA5-9BFC-4555-A6A3-BE8BDF729BF8}"
EndProject
Global
	GlobalSection(SolutionConfigurationPlatforms) = preSolution
		Debug|Any CPU = Debug|Any CPU
		Release|Any CPU = Release|Any CPU
	EndGlobalSection
	GlobalSection(ProjectConfigurationPlatforms) = postSolution
		{51704DA5-9BFC-4555-A6A3-BE8BDF729BF8}.Debug|Any CPU.ActiveCfg = Debug|Any CPU
		{51704DA5-9BFC-4555-A6A3-BE8BDF729BF8}.Debug|Any CPU.Build.0 = Debug|Any CPU
		{51704DA5-9BFC-4555-A6A3-BE8BDF729BF8}.Release|Any CPU.ActiveCfg = Release|Any CPU
		{51704DA5-9BFC-4555-A6A3-BE8BDF729BF8}.Release|Any CPU.Build.0 = Release|Any CPU
	EndGlobalSection
	GlobalSection(SolutionProperties) = preSolution
		HideSolutionNode = FALSE
	EndGlobalSection
	GlobalSection(ExtensibilityGlobals) = postSolution
		SolutionGuid = {58219BB0-14D9-4DAE-A2D0-22995BF6E444}
	EndGlobalSection
EndGlobal
